
Microsoft Visual Studio Solution File, Format Version 12.00
# Visual Studio Version 17
VisualStudioVersion = 17.8.34330.188
MinimumVisualStudioVersion = 10.0.40219.1
Project("{8BC9CEB8-8B4A-11D0-8D11-00A0C91BC942}") = "Project1", "Project1\Project1.vcxproj", "{9A4A38DE-5C58-41DE-A1C7-8FEB2B9AC06F}"
EndProject
Project("{8BC9CEB8-8B4A-11D0-8D11-00A0C91BC942}") = "Project2", "Project2\Project2.vcxproj", "{8E75598B-2EB2-4B30-840E-98A35423EDAD}"
EndProject
Project("{8BC9CEB8-8B4A-11D0-8D11-00A0C91BC942}") = "Project3", "Project3\Project3.vcxproj", "{94CABF62-BBF5-4C92-AEC9-5A6A35CBA99F}"
EndProject
Project("{8BC9CEB8-8B4A-11D0-8D11-00A0C91BC942}") = "Project4", "Project4\Project4.vcxproj", "{423B2577-ED99-4A21-A6DA-846ADD797044}"
EndProject
Project("{8BC9CEB8-8B4A-11D0-8D11-00A0C91BC942}") = "Project5", "Project5\Project5.vcxproj", "{8124C9C1-D4E1-4B5C-AC88-86B204998041}"
EndProject
Project("{8BC9CEB8-8B4A-11D0-8D11-00A0C91BC942}") = "Project6", "Project6\Project6.vcxproj", "{33113D1B-0F3F-470B-88AD-EBE1F6D9A7C9}"
EndProject
Project("{8BC9CEB8-8B4A-11D0-8D11-00A0C91BC942}") = "Project7", "Project7\Project7.vcxproj", "{E5E92D2D-703D-4B40-B84A-27677720E604}"
EndProject
Project("{8BC9CEB8-8B4A-11D0-8D11-00A0C91BC942}") = "Project8", "Project8\Project8.vcxproj", "{C0FDE8CC-1B64-41D0-8473-217753BE3067}"
EndProject
Project("{8BC9CEB8-8B4A-11D0-8D11-00A0C91BC942}") = "Project9", "Project9\Project9.vcxproj", "{99FE5F46-234A-4AD9-B834-E395FC32CE16}"
EndProject
Project("{8BC9CEB8-8B4A-11D0-8D11-00A0C91BC942}") = "Project10", "Project10\Project10.vcxproj", "{77AAE7CA-4EA2-4D44-B8FA-CB2394839856}"
EndProject
Project("{8BC9CEB8-8B4A-11D0-8D11-00A0C91BC942}") = "Project11", "Project11\Project11.vcxproj", "{647A57EC-B8A1-46BF-B26E-C12A0219DDF2}"
EndProject
Project("{8BC9CEB8-8B4A-11D0-8D11-00A0C91BC942}") = "Project12", "Project12\Project12.vcxproj", "{9909D3CD-6869-4CA1-A55D-4D6D186AD101}"
EndProject
Project("{8BC9CEB8-8B4A-11D0-8D11-00A0C91BC942}") = "Project13", "Project13\Project13.vcxproj", "{829C5B3F-5111-40B5-B21E-DD1AE0396EA6}"
EndProject
Project("{8BC9CEB8-8B4A-11D0-8D11-00A0C91BC942}") = "Project14", "Project14\Project14.vcxproj", "{41C90641-C9A4-4DEB-9702-E3D85BFD30FB}"
EndProject
Project("{8BC9CEB8-8B4A-11D0-8D11-00A0C91BC942}") = "Project15", "Project15\Project15.vcxproj", "{FEC59B98-7C5B-4BC5-A060-4F2FD0C9B39E}"
EndProject
Project("{8BC9CEB8-8B4A-11D0-8D11-00A0C91BC942}") = "Project16", "Project16\Project16.vcxproj", "{0C9522BC-6EF1-4273-9CB9-046728F84538}"
EndProject
Global
	GlobalSection(SolutionConfigurationPlatforms) = preSolution
		Debug|x64 = Debug|x64
		Debug|x86 = Debug|x86
		Release|x64 = Release|x64
		Release|x86 = Release|x86
	EndGlobalSection
	GlobalSection(ProjectConfigurationPlatforms) = postSolution
		{9A4A38DE-5C58-41DE-A1C7-8FEB2B9AC06F}.Debug|x64.ActiveCfg = Debug|x64
		{9A4A38DE-5C58-41DE-A1C7-8FEB2B9AC06F}.Debug|x64.Build.0 = Debug|x64
		{9A4A38DE-5C58-41DE-A1C7-8FEB2B9AC06F}.Debug|x86.ActiveCfg = Debug|Win32
		{9A4A38DE-5C58-41DE-A1C7-8FEB2B9AC06F}.Debug|x86.Build.0 = Debug|Win32
		{9A4A38DE-5C58-41DE-A1C7-8FEB2B9AC06F}.Release|x64.ActiveCfg = Release|x64
		{9A4A38DE-5C58-41DE-A1C7-8FEB2B9AC06F}.Release|x64.Build.0 = Release|x64
		{9A4A38DE-5C58-41DE-A1C7-8FEB2B9AC06F}.Release|x86.ActiveCfg = Release|Win32
		{9A4A38DE-5C58-41DE-A1C7-8FEB2B9AC06F}.Release|x86.Build.0 = Release|Win32
		{8E75598B-2EB2-4B30-840E-98A35423EDAD}.Debug|x64.ActiveCfg = Debug|x64
		{8E75598B-2EB2-4B30-840E-98A35423EDAD}.Debug|x64.Build.0 = Debug|x64
		{8E75598B-2EB2-4B30-840E-98A35423EDAD}.Debug|x86.ActiveCfg = Debug|Win32
		{8E75598B-2EB2-4B30-840E-98A35423EDAD}.Debug|x86.Build.0 = Debug|Win32
		{8E75598B-2EB2-4B30-840E-98A35423EDAD}.Release|x64.ActiveCfg = Release|x64
		{8E75598B-2EB2-4B30-840E-98A35423EDAD}.Release|x64.Build.0 = Release|x64
		{8E75598B-2EB2-4B30-840E-98A35423EDAD}.Release|x86.ActiveCfg = Release|Win32
		{8E75598B-2EB2-4B30-840E-98A35423EDAD}.Release|x86.Build.0 = Release|Win32
		{94CABF62-BBF5-4C92-AEC9-5A6A35CBA99F}.Debug|x64.ActiveCfg = Debug|x64
		{94CABF62-BBF5-4C92-AEC9-5A6A35CBA99F}.Debug|x64.Build.0 = Debug|x64
		{94CABF62-BBF5-4C92-AEC9-5A6A35CBA99F}.Debug|x86.ActiveCfg = Debug|Win32
		{94CABF62-BBF5-4C92-AEC9-5A6A35CBA99F}.Debug|x86.Build.0 = Debug|Win32
		{94CABF62-BBF5-4C92-AEC9-5A6A35CBA99F}.Release|x64.ActiveCfg = Release|x64
		{94CABF62-BBF5-4C92-AEC9-5A6A35CBA99F}.Release|x64.Build.0 = Release|x64
		{94CABF62-BBF5-4C92-AEC9-5A6A35CBA99F}.Release|x86.ActiveCfg = Release|Win32
		{94CABF62-BBF5-4C92-AEC9-5A6A35CBA99F}.Release|x86.Build.0 = Release|Win32
		{423B2577-ED99-4A21-A6DA-846ADD797044}.Debug|x64.ActiveCfg = Debug|x64
		{423B2577-ED99-4A21-A6DA-846ADD797044}.Debug|x64.Build.0 = Debug|x64
		{423B2577-ED99-4A21-A6DA-846ADD797044}.Debug|x86.ActiveCfg = Debug|Win32
		{423B2577-ED99-4A21-A6DA-846ADD797044}.Debug|x86.Build.0 = Debug|Win32
		{423B2577-ED99-4A21-A6DA-846ADD797044}.Release|x64.ActiveCfg = Release|x64
		{423B2577-ED99-4A21-A6DA-846ADD797044}.Release|x64.Build.0 = Release|x64
		{423B2577-ED99-4A21-A6DA-846ADD797044}.Release|x86.ActiveCfg = Release|Win32
		{423B2577-ED99-4A21-A6DA-846ADD797044}.Release|x86.Build.0 = Release|Win32
		{8124C9C1-D4E1-4B5C-AC88-86B204998041}.Debug|x64.ActiveCfg = Debug|x64
		{8124C9C1-D4E1-4B5C-AC88-86B204998041}.Debug|x64.Build.0 = Debug|x64
		{8124C9C1-D4E1-4B5C-AC88-86B204998041}.Debug|x86.ActiveCfg = Debug|Win32
		{8124C9C1-D4E1-4B5C-AC88-86B204998041}.Debug|x86.Build.0 = Debug|Win32
		{8124C9C1-D4E1-4B5C-AC88-86B204998041}.Release|x64.ActiveCfg = Release|x64
		{8124C9C1-D4E1-4B5C-AC88-86B204998041}.Release|x64.Build.0 = Release|x64
		{8124C9C1-D4E1-4B5C-AC88-86B204998041}.Release|x86.ActiveCfg = Release|Win32
		{8124C9C1-D4E1-4B5C-AC88-86B204998041}.Release|x86.Build.0 = Release|Win32
		{33113D1B-0F3F-470B-88AD-EBE1F6D9A7C9}.Debug|x64.ActiveCfg = Debug|x64
		{33113D1B-0F3F-470B-88AD-EBE1F6D9A7C9}.Debug|x64.Build.0 = Debug|x64
		{33113D1B-0F3F-470B-88AD-EBE1F6D9A7C9}.Debug|x86.ActiveCfg = Debug|Win32
		{33113D1B-0F3F-470B-88AD-EBE1F6D9A7C9}.Debug|x86.Build.0 = Debug|Win32
		{33113D1B-0F3F-470B-88AD-EBE1F6D9A7C9}.Release|x64.ActiveCfg = Release|x64
		{33113D1B-0F3F-470B-88AD-EBE1F6D9A7C9}.Release|x64.Build.0 = Release|x64
		{33113D1B-0F3F-470B-88AD-EBE1F6D9A7C9}.Release|x86.ActiveCfg = Release|Win32
		{33113D1B-0F3F-470B-88AD-EBE1F6D9A7C9}.Release|x86.Build.0 = Release|Win32
		{E5E92D2D-703D-4B40-B84A-27677720E604}.Debug|x64.ActiveCfg = Debug|x64
		{E5E92D2D-703D-4B40-B84A-27677720E604}.Debug|x64.Build.0 = Debug|x64
		{E5E92D2D-703D-4B40-B84A-27677720E604}.Debug|x86.ActiveCfg = Debug|Win32
		{E5E92D2D-703D-4B40-B84A-27677720E604}.Debug|x86.Build.0 = Debug|Win32
		{E5E92D2D-703D-4B40-B84A-27677720E604}.Release|x64.ActiveCfg = Release|x64
		{E5E92D2D-703D-4B40-B84A-27677720E604}.Release|x64.Build.0 = Release|x64
		{E5E92D2D-703D-4B40-B84A-27677720E604}.Release|x86.ActiveCfg = Release|Win32
		{E5E92D2D-703D-4B40-B84A-27677720E604}.Release|x86.Build.0 = Release|Win32
		{C0FDE8CC-1B64-41D0-8473-217753BE3067}.Debug|x64.ActiveCfg = Debug|x64
		{C0FDE8CC-1B64-41D0-8473-217753BE3067}.Debug|x64.Build.0 = Debug|x64
		{C0FDE8CC-1B64-41D0-8473-217753BE3067}.Debug|x86.ActiveCfg = Debug|Win32
		{C0FDE8CC-1B64-41D0-8473-217753BE3067}.Debug|x86.Build.0 = Debug|Win32
		{C0FDE8CC-1B64-41D0-8473-217753BE3067}.Release|x64.ActiveCfg = Release|x64
		{C0FDE8CC-1B64-41D0-8473-217753BE3067}.Release|x64.Build.0 = Release|x64
		{C0FDE8CC-1B64-41D0-8473-217753BE3067}.Release|x86.ActiveCfg = Release|Win32
		{C0FDE8CC-1B64-41D0-8473-217753BE3067}.Release|x86.Build.0 = Release|Win32
		{99FE5F46-234A-4AD9-B834-E395FC32CE16}.Debug|x64.ActiveCfg = Debug|x64
		{99FE5F46-234A-4AD9-B834-E395FC32CE16}.Debug|x64.Build.0 = Debug|x64
		{99FE5F46-234A-4AD9-B834-E395FC32CE16}.Debug|x86.ActiveCfg = Debug|Win32
		{99FE5F46-234A-4AD9-B834-E395FC32CE16}.Debug|x86.Build.0 = Debug|Win32
		{99FE5F46-234A-4AD9-B834-E395FC32CE16}.Release|x64.ActiveCfg = Release|x64
		{99FE5F46-234A-4AD9-B834-E395FC32CE16}.Release|x64.Build.0 = Release|x64
		{99FE5F46-234A-4AD9-B834-E395FC32CE16}.Release|x86.ActiveCfg = Release|Win32
		{99FE5F46-234A-4AD9-B834-E395FC32CE16}.Release|x86.Build.0 = Release|Win32
		{77AAE7CA-4EA2-4D44-B8FA-CB2394839856}.Debug|x64.ActiveCfg = Debug|x64
		{77AAE7CA-4EA2-4D44-B8FA-CB2394839856}.Debug|x64.Build.0 = Debug|x64
		{77AAE7CA-4EA2-4D44-B8FA-CB2394839856}.Debug|x86.ActiveCfg = Debug|Win32
		{77AAE7CA-4EA2-4D44-B8FA-CB2394839856}.Debug|x86.Build.0 = Debug|Win32
		{77AAE7CA-4EA2-4D44-B8FA-CB2394839856}.Release|x64.ActiveCfg = Release|x64
		{77AAE7CA-4EA2-4D44-B8FA-CB2394839856}.Release|x64.Build.0 = Release|x64
		{77AAE7CA-4EA2-4D44-B8FA-CB2394839856}.Release|x86.ActiveCfg = Release|Win32
		{77AAE7CA-4EA2-4D44-B8FA-CB2394839856}.Release|x86.Build.0 = Release|Win32
		{647A57EC-B8A1-46BF-B26E-C12A0219DDF2}.Debug|x64.ActiveCfg = Debug|x64
		{647A57EC-B8A1-46BF-B26E-C12A0219DDF2}.Debug|x64.Build.0 = Debug|x64
		{647A57EC-B8A1-46BF-B26E-C12A0219DDF2}.Debug|x86.ActiveCfg = Debug|Win32
		{647A57EC-B8A1-46BF-B26E-C12A0219DDF2}.Debug|x86.Build.0 = Debug|Win32
		{647A57EC-B8A1-46BF-B26E-C12A0219DDF2}.Release|x64.ActiveCfg = Release|x64
		{647A57EC-B8A1-46BF-B26E-C12A0219DDF2}.Release|x64.Build.0 = Release|x64
		{647A57EC-B8A1-46BF-B26E-C12A0219DDF2}.Release|x86.ActiveCfg = Release|Win32
		{647A57EC-B8A1-46BF-B26E-C12A0219DDF2}.Release|x86.Build.0 = Release|Win32
		{9909D3CD-6869-4CA1-A55D-4D6D186AD101}.Debug|x64.ActiveCfg = Debug|x64
		{9909D3CD-6869-4CA1-A55D-4D6D186AD101}.Debug|x64.Build.0 = Debug|x64
		{9909D3CD-6869-4CA1-A55D-4D6D186AD101}.Debug|x86.ActiveCfg = Debug|Win32
		{9909D3CD-6869-4CA1-A55D-4D6D186AD101}.Debug|x86.Build.0 = Debug|Win32
		{9909D3CD-6869-4CA1-A55D-4D6D186AD101}.Release|x64.ActiveCfg = Release|x64
		{9909D3CD-6869-4CA1-A55D-4D6D186AD101}.Release|x64.Build.0 = Release|x64
		{9909D3CD-6869-4CA1-A55D-4D6D186AD101}.Release|x86.ActiveCfg = Release|Win32
		{9909D3CD-6869-4CA1-A55D-4D6D186AD101}.Release|x86.Build.0 = Release|Win32
		{829C5B3F-5111-40B5-B21E-DD1AE0396EA6}.Debug|x64.ActiveCfg = Debug|x64
		{829C5B3F-5111-40B5-B21E-DD1AE0396EA6}.Debug|x64.Build.0 = Debug|x64
		{829C5B3F-5111-40B5-B21E-DD1AE0396EA6}.Debug|x86.ActiveCfg = Debug|Win32
		{829C5B3F-5111-40B5-B21E-DD1AE0396EA6}.Debug|x86.Build.0 = Debug|Win32
		{829C5B3F-5111-40B5-B21E-DD1AE0396EA6}.Release|x64.ActiveCfg = Release|x64
		{829C5B3F-5111-40B5-B21E-DD1AE0396EA6}.Release|x64.Build.0 = Release|x64
		{829C5B3F-5111-40B5-B21E-DD1AE0396EA6}.Release|x86.ActiveCfg = Release|Win32
		{829C5B3F-5111-40B5-B21E-DD1AE0396EA6}.Release|x86.Build.0 = Release|Win32
		{41C90641-C9A4-4DEB-9702-E3D85BFD30FB}.Debug|x64.ActiveCfg = Debug|x64
		{41C90641-C9A4-4DEB-9702-E3D85BFD30FB}.Debug|x64.Build.0 = Debug|x64
		{41C90641-C9A4-4DEB-9702-E3D85BFD30FB}.Debug|x86.ActiveCfg = Debug|Win32
		{41C90641-C9A4-4DEB-9702-E3D85BFD30FB}.Debug|x86.Build.0 = Debug|Win32
		{41C90641-C9A4-4DEB-9702-E3D85BFD30FB}.Release|x64.ActiveCfg = Release|x64
		{41C90641-C9A4-4DEB-9702-E3D85BFD30FB}.Release|x64.Build.0 = Release|x64
		{41C90641-C9A4-4DEB-9702-E3D85BFD30FB}.Release|x86.ActiveCfg = Release|Win32
		{41C90641-C9A4-4DEB-9702-E3D85BFD30FB}.Release|x86.Build.0 = Release|Win32
		{FEC59B98-7C5B-4BC5-A060-4F2FD0C9B39E}.Debug|x64.ActiveCfg = Debug|x64
		{FEC59B98-7C5B-4BC5-A060-4F2FD0C9B39E}.Debug|x64.Build.0 = Debug|x64
		{FEC59B98-7C5B-4BC5-A060-4F2FD0C9B39E}.Debug|x86.ActiveCfg = Debug|Win32
		{FEC59B98-7C5B-4BC5-A060-4F2FD0C9B39E}.Debug|x86.Build.0 = Debug|Win32
		{FEC59B98-7C5B-4BC5-A060-4F2FD0C9B39E}.Release|x64.ActiveCfg = Release|x64
		{FEC59B98-7C5B-4BC5-A060-4F2FD0C9B39E}.Release|x64.Build.0 = Release|x64
		{FEC59B98-7C5B-4BC5-A060-4F2FD0C9B39E}.Release|x86.ActiveCfg = Release|Win32
		{FEC59B98-7C5B-4BC5-A060-4F2FD0C9B39E}.Release|x86.Build.0 = Release|Win32
		{0C9522BC-6EF1-4273-9CB9-046728F84538}.Debug|x64.ActiveCfg = Debug|x64
		{0C9522BC-6EF1-4273-9CB9-046728F84538}.Debug|x64.Build.0 = Debug|x64
		{0C9522BC-6EF1-4273-9CB9-046728F84538}.Debug|x86.ActiveCfg = Debug|Win32
		{0C9522BC-6EF1-4273-9CB9-046728F84538}.Debug|x86.Build.0 = Debug|Win32
		{0C9522BC-6EF1-4273-9CB9-046728F84538}.Release|x64.ActiveCfg = Release|x64
		{0C9522BC-6EF1-4273-9CB9-046728F84538}.Release|x64.Build.0 = Release|x64
		{0C9522BC-6EF1-4273-9CB9-046728F84538}.Release|x86.ActiveCfg = Release|Win32
		{0C9522BC-6EF1-4273-9CB9-046728F84538}.Release|x86.Build.0 = Release|Win32
	EndGlobalSection
	GlobalSection(SolutionProperties) = preSolution
		HideSolutionNode = FALSE
	EndGlobalSection
	GlobalSection(ExtensibilityGlobals) = postSolution
		SolutionGuid = {5535A005-3D54-4A2E-8C23-97555909A335}
	EndGlobalSection
EndGlobal
