
Microsoft Visual Studio Solution File, Format Version 12.00
# Visual Studio Version 17
VisualStudioVersion = 17.7.34024.191
MinimumVisualStudioVersion = 10.0.40219.1
Project("{8BC9CEB8-8B4A-11D0-8D11-00A0C91BC942}") = "Project1", "Project1\Project1.vcxproj", "{5F93D859-7A45-4801-80D4-4443CB9C41B3}"
EndProject
Project("{8BC9CEB8-8B4A-11D0-8D11-00A0C91BC942}") = "Project2", "Project2\Project2.vcxproj", "{48AF6A7D-6C16-454D-8D1E-FC6719437E6A}"
EndProject
Project("{8BC9CEB8-8B4A-11D0-8D11-00A0C91BC942}") = "Project3", "Project3\Project3.vcxproj", "{99893048-11CF-4CAD-9BBB-DB5D3003BF64}"
EndProject
Project("{8BC9CEB8-8B4A-11D0-8D11-00A0C91BC942}") = "Project4", "Project4\Project4.vcxproj", "{05C51AAC-273F-4C45-90A4-DC79CA73CC7A}"
EndProject
Project("{8BC9CEB8-8B4A-11D0-8D11-00A0C91BC942}") = "Project5", "Project5\Project5.vcxproj", "{6589F507-04A2-4458-A550-2050D2C7AC7B}"
EndProject
Project("{8BC9CEB8-8B4A-11D0-8D11-00A0C91BC942}") = "Project6", "Project6\Project6.vcxproj", "{FA4BC111-D9C9-4CFD-9DC1-251F3F7D9087}"
EndProject
Project("{8BC9CEB8-8B4A-11D0-8D11-00A0C91BC942}") = "Project7", "Project7\Project7.vcxproj", "{04E53254-BC3E-4917-86D1-4B759D89CD6E}"
EndProject
Global
	GlobalSection(SolutionConfigurationPlatforms) = preSolution
		Debug|x64 = Debug|x64
		Debug|x86 = Debug|x86
		Release|x64 = Release|x64
		Release|x86 = Release|x86
	EndGlobalSection
	GlobalSection(ProjectConfigurationPlatforms) = postSolution
		{5F93D859-7A45-4801-80D4-4443CB9C41B3}.Debug|x64.ActiveCfg = Debug|x64
		{5F93D859-7A45-4801-80D4-4443CB9C41B3}.Debug|x64.Build.0 = Debug|x64
		{5F93D859-7A45-4801-80D4-4443CB9C41B3}.Debug|x86.ActiveCfg = Debug|Win32
		{5F93D859-7A45-4801-80D4-4443CB9C41B3}.Debug|x86.Build.0 = Debug|Win32
		{5F93D859-7A45-4801-80D4-4443CB9C41B3}.Release|x64.ActiveCfg = Release|x64
		{5F93D859-7A45-4801-80D4-4443CB9C41B3}.Release|x64.Build.0 = Release|x64
		{5F93D859-7A45-4801-80D4-4443CB9C41B3}.Release|x86.ActiveCfg = Release|Win32
		{5F93D859-7A45-4801-80D4-4443CB9C41B3}.Release|x86.Build.0 = Release|Win32
		{48AF6A7D-6C16-454D-8D1E-FC6719437E6A}.Debug|x64.ActiveCfg = Debug|x64
		{48AF6A7D-6C16-454D-8D1E-FC6719437E6A}.Debug|x64.Build.0 = Debug|x64
		{48AF6A7D-6C16-454D-8D1E-FC6719437E6A}.Debug|x86.ActiveCfg = Debug|Win32
		{48AF6A7D-6C16-454D-8D1E-FC6719437E6A}.Debug|x86.Build.0 = Debug|Win32
		{48AF6A7D-6C16-454D-8D1E-FC6719437E6A}.Release|x64.ActiveCfg = Release|x64
		{48AF6A7D-6C16-454D-8D1E-FC6719437E6A}.Release|x64.Build.0 = Release|x64
		{48AF6A7D-6C16-454D-8D1E-FC6719437E6A}.Release|x86.ActiveCfg = Release|Win32
		{48AF6A7D-6C16-454D-8D1E-FC6719437E6A}.Release|x86.Build.0 = Release|Win32
		{99893048-11CF-4CAD-9BBB-DB5D3003BF64}.Debug|x64.ActiveCfg = Debug|x64
		{99893048-11CF-4CAD-9BBB-DB5D3003BF64}.Debug|x64.Build.0 = Debug|x64
		{99893048-11CF-4CAD-9BBB-DB5D3003BF64}.Debug|x86.ActiveCfg = Debug|Win32
		{99893048-11CF-4CAD-9BBB-DB5D3003BF64}.Debug|x86.Build.0 = Debug|Win32
		{99893048-11CF-4CAD-9BBB-DB5D3003BF64}.Release|x64.ActiveCfg = Release|x64
		{99893048-11CF-4CAD-9BBB-DB5D3003BF64}.Release|x64.Build.0 = Release|x64
		{99893048-11CF-4CAD-9BBB-DB5D3003BF64}.Release|x86.ActiveCfg = Release|Win32
		{99893048-11CF-4CAD-9BBB-DB5D3003BF64}.Release|x86.Build.0 = Release|Win32
		{05C51AAC-273F-4C45-90A4-DC79CA73CC7A}.Debug|x64.ActiveCfg = Debug|x64
		{05C51AAC-273F-4C45-90A4-DC79CA73CC7A}.Debug|x64.Build.0 = Debug|x64
		{05C51AAC-273F-4C45-90A4-DC79CA73CC7A}.Debug|x86.ActiveCfg = Debug|Win32
		{05C51AAC-273F-4C45-90A4-DC79CA73CC7A}.Debug|x86.Build.0 = Debug|Win32
		{05C51AAC-273F-4C45-90A4-DC79CA73CC7A}.Release|x64.ActiveCfg = Release|x64
		{05C51AAC-273F-4C45-90A4-DC79CA73CC7A}.Release|x64.Build.0 = Release|x64
		{05C51AAC-273F-4C45-90A4-DC79CA73CC7A}.Release|x86.ActiveCfg = Release|Win32
		{05C51AAC-273F-4C45-90A4-DC79CA73CC7A}.Release|x86.Build.0 = Release|Win32
		{6589F507-04A2-4458-A550-2050D2C7AC7B}.Debug|x64.ActiveCfg = Debug|x64
		{6589F507-04A2-4458-A550-2050D2C7AC7B}.Debug|x64.Build.0 = Debug|x64
		{6589F507-04A2-4458-A550-2050D2C7AC7B}.Debug|x86.ActiveCfg = Debug|Win32
		{6589F507-04A2-4458-A550-2050D2C7AC7B}.Debug|x86.Build.0 = Debug|Win32
		{6589F507-04A2-4458-A550-2050D2C7AC7B}.Release|x64.ActiveCfg = Release|x64
		{6589F507-04A2-4458-A550-2050D2C7AC7B}.Release|x64.Build.0 = Release|x64
		{6589F507-04A2-4458-A550-2050D2C7AC7B}.Release|x86.ActiveCfg = Release|Win32
		{6589F507-04A2-4458-A550-2050D2C7AC7B}.Release|x86.Build.0 = Release|Win32
		{FA4BC111-D9C9-4CFD-9DC1-251F3F7D9087}.Debug|x64.ActiveCfg = Debug|x64
		{FA4BC111-D9C9-4CFD-9DC1-251F3F7D9087}.Debug|x64.Build.0 = Debug|x64
		{FA4BC111-D9C9-4CFD-9DC1-251F3F7D9087}.Debug|x86.ActiveCfg = Debug|Win32
		{FA4BC111-D9C9-4CFD-9DC1-251F3F7D9087}.Debug|x86.Build.0 = Debug|Win32
		{FA4BC111-D9C9-4CFD-9DC1-251F3F7D9087}.Release|x64.ActiveCfg = Release|x64
		{FA4BC111-D9C9-4CFD-9DC1-251F3F7D9087}.Release|x64.Build.0 = Release|x64
		{FA4BC111-D9C9-4CFD-9DC1-251F3F7D9087}.Release|x86.ActiveCfg = Release|Win32
		{FA4BC111-D9C9-4CFD-9DC1-251F3F7D9087}.Release|x86.Build.0 = Release|Win32
		{04E53254-BC3E-4917-86D1-4B759D89CD6E}.Debug|x64.ActiveCfg = Debug|x64
		{04E53254-BC3E-4917-86D1-4B759D89CD6E}.Debug|x64.Build.0 = Debug|x64
		{04E53254-BC3E-4917-86D1-4B759D89CD6E}.Debug|x86.ActiveCfg = Debug|Win32
		{04E53254-BC3E-4917-86D1-4B759D89CD6E}.Debug|x86.Build.0 = Debug|Win32
		{04E53254-BC3E-4917-86D1-4B759D89CD6E}.Release|x64.ActiveCfg = Release|x64
		{04E53254-BC3E-4917-86D1-4B759D89CD6E}.Release|x64.Build.0 = Release|x64
		{04E53254-BC3E-4917-86D1-4B759D89CD6E}.Release|x86.ActiveCfg = Release|Win32
		{04E53254-BC3E-4917-86D1-4B759D89CD6E}.Release|x86.Build.0 = Release|Win32
	EndGlobalSection
	GlobalSection(SolutionProperties) = preSolution
		HideSolutionNode = FALSE
	EndGlobalSection
	GlobalSection(ExtensibilityGlobals) = postSolution
		SolutionGuid = {D609470E-057A-4209-B442-72FF0409839E}
	EndGlobalSection
EndGlobal
