
Microsoft Visual Studio Solution File, Format Version 12.00
# Visual Studio Version 17
VisualStudioVersion = 17.7.34024.191
MinimumVisualStudioVersion = 10.0.40219.1
Project("{8BC9CEB8-8B4A-11D0-8D11-00A0C91BC942}") = "Project1", "Project1\Project1.vcxproj", "{9482139C-D72A-4C77-9F24-FF5D3A5FFB15}"
EndProject
Project("{8BC9CEB8-8B4A-11D0-8D11-00A0C91BC942}") = "Project2", "Project2\Project2.vcxproj", "{CFB2B8C2-024B-4792-9D5C-3E3876E17B5F}"
EndProject
Project("{8BC9CEB8-8B4A-11D0-8D11-00A0C91BC942}") = "Project3", "Project3\Project3.vcxproj", "{8B4FCAAF-37BA-4901-8419-AFFEAEB7B78E}"
EndProject
Project("{8BC9CEB8-8B4A-11D0-8D11-00A0C91BC942}") = "Project4", "Project4\Project4.vcxproj", "{5DA2E004-55F4-4050-B3E6-FD6D8BAE63F0}"
EndProject
Project("{8BC9CEB8-8B4A-11D0-8D11-00A0C91BC942}") = "Project5", "Project5\Project5.vcxproj", "{0C8FD1F9-4E2A-4305-9544-BAD2942D4834}"
EndProject
Project("{8BC9CEB8-8B4A-11D0-8D11-00A0C91BC942}") = "Project6", "Project6\Project6.vcxproj", "{F453B7E9-9799-4415-8B33-D1DED6483888}"
EndProject
Project("{8BC9CEB8-8B4A-11D0-8D11-00A0C91BC942}") = "Project7", "Project7\Project7.vcxproj", "{220FCAAC-B213-4DC0-9630-F584570C811A}"
EndProject
Project("{8BC9CEB8-8B4A-11D0-8D11-00A0C91BC942}") = "Project8", "Project8\Project8.vcxproj", "{C77F2B8F-D883-4E45-81C5-2BB366D45D78}"
EndProject
Global
	GlobalSection(SolutionConfigurationPlatforms) = preSolution
		Debug|x64 = Debug|x64
		Debug|x86 = Debug|x86
		Release|x64 = Release|x64
		Release|x86 = Release|x86
	EndGlobalSection
	GlobalSection(ProjectConfigurationPlatforms) = postSolution
		{9482139C-D72A-4C77-9F24-FF5D3A5FFB15}.Debug|x64.ActiveCfg = Debug|x64
		{9482139C-D72A-4C77-9F24-FF5D3A5FFB15}.Debug|x64.Build.0 = Debug|x64
		{9482139C-D72A-4C77-9F24-FF5D3A5FFB15}.Debug|x86.ActiveCfg = Debug|Win32
		{9482139C-D72A-4C77-9F24-FF5D3A5FFB15}.Debug|x86.Build.0 = Debug|Win32
		{9482139C-D72A-4C77-9F24-FF5D3A5FFB15}.Release|x64.ActiveCfg = Release|x64
		{9482139C-D72A-4C77-9F24-FF5D3A5FFB15}.Release|x64.Build.0 = Release|x64
		{9482139C-D72A-4C77-9F24-FF5D3A5FFB15}.Release|x86.ActiveCfg = Release|Win32
		{9482139C-D72A-4C77-9F24-FF5D3A5FFB15}.Release|x86.Build.0 = Release|Win32
		{CFB2B8C2-024B-4792-9D5C-3E3876E17B5F}.Debug|x64.ActiveCfg = Debug|x64
		{CFB2B8C2-024B-4792-9D5C-3E3876E17B5F}.Debug|x64.Build.0 = Debug|x64
		{CFB2B8C2-024B-4792-9D5C-3E3876E17B5F}.Debug|x86.ActiveCfg = Debug|Win32
		{CFB2B8C2-024B-4792-9D5C-3E3876E17B5F}.Debug|x86.Build.0 = Debug|Win32
		{CFB2B8C2-024B-4792-9D5C-3E3876E17B5F}.Release|x64.ActiveCfg = Release|x64
		{CFB2B8C2-024B-4792-9D5C-3E3876E17B5F}.Release|x64.Build.0 = Release|x64
		{CFB2B8C2-024B-4792-9D5C-3E3876E17B5F}.Release|x86.ActiveCfg = Release|Win32
		{CFB2B8C2-024B-4792-9D5C-3E3876E17B5F}.Release|x86.Build.0 = Release|Win32
		{8B4FCAAF-37BA-4901-8419-AFFEAEB7B78E}.Debug|x64.ActiveCfg = Debug|x64
		{8B4FCAAF-37BA-4901-8419-AFFEAEB7B78E}.Debug|x64.Build.0 = Debug|x64
		{8B4FCAAF-37BA-4901-8419-AFFEAEB7B78E}.Debug|x86.ActiveCfg = Debug|Win32
		{8B4FCAAF-37BA-4901-8419-AFFEAEB7B78E}.Debug|x86.Build.0 = Debug|Win32
		{8B4FCAAF-37BA-4901-8419-AFFEAEB7B78E}.Release|x64.ActiveCfg = Release|x64
		{8B4FCAAF-37BA-4901-8419-AFFEAEB7B78E}.Release|x64.Build.0 = Release|x64
		{8B4FCAAF-37BA-4901-8419-AFFEAEB7B78E}.Release|x86.ActiveCfg = Release|Win32
		{8B4FCAAF-37BA-4901-8419-AFFEAEB7B78E}.Release|x86.Build.0 = Release|Win32
		{5DA2E004-55F4-4050-B3E6-FD6D8BAE63F0}.Debug|x64.ActiveCfg = Debug|x64
		{5DA2E004-55F4-4050-B3E6-FD6D8BAE63F0}.Debug|x64.Build.0 = Debug|x64
		{5DA2E004-55F4-4050-B3E6-FD6D8BAE63F0}.Debug|x86.ActiveCfg = Debug|Win32
		{5DA2E004-55F4-4050-B3E6-FD6D8BAE63F0}.Debug|x86.Build.0 = Debug|Win32
		{5DA2E004-55F4-4050-B3E6-FD6D8BAE63F0}.Release|x64.ActiveCfg = Release|x64
		{5DA2E004-55F4-4050-B3E6-FD6D8BAE63F0}.Release|x64.Build.0 = Release|x64
		{5DA2E004-55F4-4050-B3E6-FD6D8BAE63F0}.Release|x86.ActiveCfg = Release|Win32
		{5DA2E004-55F4-4050-B3E6-FD6D8BAE63F0}.Release|x86.Build.0 = Release|Win32
		{0C8FD1F9-4E2A-4305-9544-BAD2942D4834}.Debug|x64.ActiveCfg = Debug|x64
		{0C8FD1F9-4E2A-4305-9544-BAD2942D4834}.Debug|x64.Build.0 = Debug|x64
		{0C8FD1F9-4E2A-4305-9544-BAD2942D4834}.Debug|x86.ActiveCfg = Debug|Win32
		{0C8FD1F9-4E2A-4305-9544-BAD2942D4834}.Debug|x86.Build.0 = Debug|Win32
		{0C8FD1F9-4E2A-4305-9544-BAD2942D4834}.Release|x64.ActiveCfg = Release|x64
		{0C8FD1F9-4E2A-4305-9544-BAD2942D4834}.Release|x64.Build.0 = Release|x64
		{0C8FD1F9-4E2A-4305-9544-BAD2942D4834}.Release|x86.ActiveCfg = Release|Win32
		{0C8FD1F9-4E2A-4305-9544-BAD2942D4834}.Release|x86.Build.0 = Release|Win32
		{F453B7E9-9799-4415-8B33-D1DED6483888}.Debug|x64.ActiveCfg = Debug|x64
		{F453B7E9-9799-4415-8B33-D1DED6483888}.Debug|x64.Build.0 = Debug|x64
		{F453B7E9-9799-4415-8B33-D1DED6483888}.Debug|x86.ActiveCfg = Debug|Win32
		{F453B7E9-9799-4415-8B33-D1DED6483888}.Debug|x86.Build.0 = Debug|Win32
		{F453B7E9-9799-4415-8B33-D1DED6483888}.Release|x64.ActiveCfg = Release|x64
		{F453B7E9-9799-4415-8B33-D1DED6483888}.Release|x64.Build.0 = Release|x64
		{F453B7E9-9799-4415-8B33-D1DED6483888}.Release|x86.ActiveCfg = Release|Win32
		{F453B7E9-9799-4415-8B33-D1DED6483888}.Release|x86.Build.0 = Release|Win32
		{220FCAAC-B213-4DC0-9630-F584570C811A}.Debug|x64.ActiveCfg = Debug|x64
		{220FCAAC-B213-4DC0-9630-F584570C811A}.Debug|x64.Build.0 = Debug|x64
		{220FCAAC-B213-4DC0-9630-F584570C811A}.Debug|x86.ActiveCfg = Debug|Win32
		{220FCAAC-B213-4DC0-9630-F584570C811A}.Debug|x86.Build.0 = Debug|Win32
		{220FCAAC-B213-4DC0-9630-F584570C811A}.Release|x64.ActiveCfg = Release|x64
		{220FCAAC-B213-4DC0-9630-F584570C811A}.Release|x64.Build.0 = Release|x64
		{220FCAAC-B213-4DC0-9630-F584570C811A}.Release|x86.ActiveCfg = Release|Win32
		{220FCAAC-B213-4DC0-9630-F584570C811A}.Release|x86.Build.0 = Release|Win32
		{C77F2B8F-D883-4E45-81C5-2BB366D45D78}.Debug|x64.ActiveCfg = Debug|x64
		{C77F2B8F-D883-4E45-81C5-2BB366D45D78}.Debug|x64.Build.0 = Debug|x64
		{C77F2B8F-D883-4E45-81C5-2BB366D45D78}.Debug|x86.ActiveCfg = Debug|Win32
		{C77F2B8F-D883-4E45-81C5-2BB366D45D78}.Debug|x86.Build.0 = Debug|Win32
		{C77F2B8F-D883-4E45-81C5-2BB366D45D78}.Release|x64.ActiveCfg = Release|x64
		{C77F2B8F-D883-4E45-81C5-2BB366D45D78}.Release|x64.Build.0 = Release|x64
		{C77F2B8F-D883-4E45-81C5-2BB366D45D78}.Release|x86.ActiveCfg = Release|Win32
		{C77F2B8F-D883-4E45-81C5-2BB366D45D78}.Release|x86.Build.0 = Release|Win32
	EndGlobalSection
	GlobalSection(SolutionProperties) = preSolution
		HideSolutionNode = FALSE
	EndGlobalSection
	GlobalSection(ExtensibilityGlobals) = postSolution
		SolutionGuid = {22C184AA-6C70-47CE-BF43-989EE3429B07}
	EndGlobalSection
EndGlobal
